// !$*UTF8*$!
{
	archiveVersion = 1;
	classes = {
	};
	objectVersion = 50;
	objects = {

/* Begin PBXBuildFile section */
		6FBF59DA212ECE7900A16D08 /* AppDelegate.swift in Sources */ = {isa = PBXBuildFile; fileRef = 6FBF59D9212ECE7900A16D08 /* AppDelegate.swift */; };
		6FBF59DC212ECE7900A16D08 /* ViewController.swift in Sources */ = {isa = PBXBuildFile; fileRef = 6FBF59DB212ECE7900A16D08 /* ViewController.swift */; };
		6FBF59DF212ECE7900A16D08 /* Main.storyboard in Resources */ = {isa = PBXBuildFile; fileRef = 6FBF59DD212ECE7900A16D08 /* Main.storyboard */; };
		6FBF59E1212ECE7E00A16D08 /* Assets.xcassets in Resources */ = {isa = PBXBuildFile; fileRef = 6FBF59E0212ECE7E00A16D08 /* Assets.xcassets */; };
		6FBF59E4212ECE7E00A16D08 /* LaunchScreen.storyboard in Resources */ = {isa = PBXBuildFile; fileRef = 6FBF59E2212ECE7E00A16D08 /* LaunchScreen.storyboard */; };
		6FBF59EF212ECE7F00A16D08 /* Pr01Tests.swift in Sources */ = {isa = PBXBuildFile; fileRef = 6FBF59EE212ECE7F00A16D08 /* Pr01Tests.swift */; };
		6FBF59FA212ECE7F00A16D08 /* Pr01UITests.swift in Sources */ = {isa = PBXBuildFile; fileRef = 6FBF59F9212ECE7F00A16D08 /* Pr01UITests.swift */; };
/* End PBXBuildFile section */

/* Begin PBXContainerItemProxy section */
		6FBF59EB212ECE7F00A16D08 /* PBXContainerItemProxy */ = {
			isa = PBXContainerItemProxy;
			containerPortal = 6FBF59CE212ECE7900A16D08 /* Project object */;
			proxyType = 1;
			remoteGlobalIDString = 6FBF59D5212ECE7900A16D08;
			remoteInfo = Pr01;
		};
		6FBF59F6212ECE7F00A16D08 /* PBXContainerItemProxy */ = {
			isa = PBXContainerItemProxy;
			containerPortal = 6FBF59CE212ECE7900A16D08 /* Project object */;
			proxyType = 1;
			remoteGlobalIDString = 6FBF59D5212ECE7900A16D08;
			remoteInfo = Pr01;
		};
/* End PBXContainerItemProxy section */

/* Begin PBXFileReference section */
		6FBF59D6212ECE7900A16D08 /* Pr01.app */ = {isa = PBXFileReference; explicitFileType = wrapper.application; includeInIndex = 0; path = Pr01.app; sourceTree = BUILT_PRODUCTS_DIR; };
		6FBF59D9212ECE7900A16D08 /* AppDelegate.swift */ = {isa = PBXFileReference; lastKnownFileType = sourcecode.swift; path = AppDelegate.swift; sourceTree = "<group>"; };
		6FBF59DB212ECE7900A16D08 /* ViewController.swift */ = {isa = PBXFileReference; lastKnownFileType = sourcecode.swift; path = ViewController.swift; sourceTree = "<group>"; };
		6FBF59DE212ECE7900A16D08 /* Base */ = {isa = PBXFileReference; lastKnownFileType = file.storyboard; name = Base; path = Base.lproj/Main.storyboard; sourceTree = "<group>"; };
		6FBF59E0212ECE7E00A16D08 /* Assets.xcassets */ = {isa = PBXFileReference; lastKnownFileType = folder.assetcatalog; path = Assets.xcassets; sourceTree = "<group>"; };
		6FBF59E3212ECE7E00A16D08 /* Base */ = {isa = PBXFileReference; lastKnownFileType = file.storyboard; name = Base; path = Base.lproj/LaunchScreen.storyboard; sourceTree = "<group>"; };
		6FBF59E5212ECE7E00A16D08 /* Info.plist */ = {isa = PBXFileReference; lastKnownFileType = text.plist.xml; path = Info.plist; sourceTree = "<group>"; };
		6FBF59EA212ECE7F00A16D08 /* Pr01Tests.xctest */ = {isa = PBXFileReference; explicitFileType = wrapper.cfbundle; includeInIndex = 0; path = Pr01Tests.xctest; sourceTree = BUILT_PRODUCTS_DIR; };
		6FBF59EE212ECE7F00A16D08 /* Pr01Tests.swift */ = {isa = PBXFileReference; lastKnownFileType = sourcecode.swift; path = Pr01Tests.swift; sourceTree = "<group>"; };
		6FBF59F0212ECE7F00A16D08 /* Info.plist */ = {isa = PBXFileReference; lastKnownFileType = text.plist.xml; path = Info.plist; sourceTree = "<group>"; };
		6FBF59F5212ECE7F00A16D08 /* Pr01UITests.xctest */ = {isa = PBXFileReference; explicitFileType = wrapper.cfbundle; includeInIndex = 0; path = Pr01UITests.xctest; sourceTree = BUILT_PRODUCTS_DIR; };
		6FBF59F9212ECE7F00A16D08 /* Pr01UITests.swift */ = {isa = PBXFileReference; lastKnownFileType = sourcecode.swift; path = Pr01UITests.swift; sourceTree = "<group>"; };
		6FBF59FB212ECE7F00A16D08 /* Info.plist */ = {isa = PBXFileReference; lastKnownFileType = text.plist.xml; path = Info.plist; sourceTree = "<group>"; };
/* End PBXFileReference section */

/* Begin PBXFrameworksBuildPhase section */
		6FBF59D3212ECE7900A16D08 /* Frameworks */ = {
			isa = PBXFrameworksBuildPhase;
			buildActionMask = 2147483647;
			files = (
			);
			runOnlyForDeploymentPostprocessing = 0;
		};
		6FBF59E7212ECE7F00A16D08 /* Frameworks */ = {
			isa = PBXFrameworksBuildPhase;
			buildActionMask = 2147483647;
			files = (
			);
			runOnlyForDeploymentPostprocessing = 0;
		};
		6FBF59F2212ECE7F00A16D08 /* Frameworks */ = {
			isa = PBXFrameworksBuildPhase;
			buildActionMask = 2147483647;
			files = (
			);
			runOnlyForDeploymentPostprocessing = 0;
		};
/* End PBXFrameworksBuildPhase section */

/* Begin PBXGroup section */
		6FBF59CD212ECE7900A16D08 = {
			isa = PBXGroup;
			children = (
				6FBF59D8212ECE7900A16D08 /* Pr01 */,
				6FBF59ED212ECE7F00A16D08 /* Pr01Tests */,
				6FBF59F8212ECE7F00A16D08 /* Pr01UITests */,
				6FBF59D7212ECE7900A16D08 /* Products */,
			);
			sourceTree = "<group>";
		};
		6FBF59D7212ECE7900A16D08 /* Products */ = {
			isa = PBXGroup;
			children = (
				6FBF59D6212ECE7900A16D08 /* Pr01.app */,
				6FBF59EA212ECE7F00A16D08 /* Pr01Tests.xctest */,
				6FBF59F5212ECE7F00A16D08 /* Pr01UITests.xctest */,
			);
			name = Products;
			sourceTree = "<group>";
		};
		6FBF59D8212ECE7900A16D08 /* Pr01 */ = {
			isa = PBXGroup;
			children = (
				6FBF59D9212ECE7900A16D08 /* AppDelegate.swift */,
				6FBF59DB212ECE7900A16D08 /* ViewController.swift */,
				6FBF59DD212ECE7900A16D08 /* Main.storyboard */,
				6FBF59E0212ECE7E00A16D08 /* Assets.xcassets */,
				6FBF59E2212ECE7E00A16D08 /* LaunchScreen.storyboard */,
				6FBF59E5212ECE7E00A16D08 /* Info.plist */,
			);
			path = Pr01;
			sourceTree = "<group>";
		};
		6FBF59ED212ECE7F00A16D08 /* Pr01Tests */ = {
			isa = PBXGroup;
			children = (
				6FBF59EE212ECE7F00A16D08 /* Pr01Tests.swift */,
				6FBF59F0212ECE7F00A16D08 /* Info.plist */,
			);
			path = Pr01Tests;
			sourceTree = "<group>";
		};
		6FBF59F8212ECE7F00A16D08 /* Pr01UITests */ = {
			isa = PBXGroup;
			children = (
				6FBF59F9212ECE7F00A16D08 /* Pr01UITests.swift */,
				6FBF59FB212ECE7F00A16D08 /* Info.plist */,
			);
			path = Pr01UITests;
			sourceTree = "<group>";
		};
/* End PBXGroup section */

/* Begin PBXNativeTarget section */
		6FBF59D5212ECE7900A16D08 /* Pr01 */ = {
			isa = PBXNativeTarget;
			buildConfigurationList = 6FBF59FE212ECE7F00A16D08 /* Build configuration list for PBXNativeTarget "Pr01" */;
			buildPhases = (
				6FBF59D2212ECE7900A16D08 /* Sources */,
				6FBF59D3212ECE7900A16D08 /* Frameworks */,
				6FBF59D4212ECE7900A16D08 /* Resources */,
			);
			buildRules = (
			);
			dependencies = (
			);
			name = Pr01;
			productName = Pr01;
			productReference = 6FBF59D6212ECE7900A16D08 /* Pr01.app */;
			productType = "com.apple.product-type.application";
		};
		6FBF59E9212ECE7F00A16D08 /* Pr01Tests */ = {
			isa = PBXNativeTarget;
			buildConfigurationList = 6FBF5A01212ECE7F00A16D08 /* Build configuration list for PBXNativeTarget "Pr01Tests" */;
			buildPhases = (
				6FBF59E6212ECE7F00A16D08 /* Sources */,
				6FBF59E7212ECE7F00A16D08 /* Frameworks */,
				6FBF59E8212ECE7F00A16D08 /* Resources */,
			);
			buildRules = (
			);
			dependencies = (
				6FBF59EC212ECE7F00A16D08 /* PBXTargetDependency */,
			);
			name = Pr01Tests;
			productName = Pr01Tests;
			productReference = 6FBF59EA212ECE7F00A16D08 /* Pr01Tests.xctest */;
			productType = "com.apple.product-type.bundle.unit-test";
		};
		6FBF59F4212ECE7F00A16D08 /* Pr01UITests */ = {
			isa = PBXNativeTarget;
			buildConfigurationList = 6FBF5A04212ECE7F00A16D08 /* Build configuration list for PBXNativeTarget "Pr01UITests" */;
			buildPhases = (
				6FBF59F1212ECE7F00A16D08 /* Sources */,
				6FBF59F2212ECE7F00A16D08 /* Frameworks */,
				6FBF59F3212ECE7F00A16D08 /* Resources */,
			);
			buildRules = (
			);
			dependencies = (
				6FBF59F7212ECE7F00A16D08 /* PBXTargetDependency */,
			);
			name = Pr01UITests;
			productName = Pr01UITests;
			productReference = 6FBF59F5212ECE7F00A16D08 /* Pr01UITests.xctest */;
			productType = "com.apple.product-type.bundle.ui-testing";
		};
/* End PBXNativeTarget section */

/* Begin PBXProject section */
		6FBF59CE212ECE7900A16D08 /* Project object */ = {
			isa = PBXProject;
			attributes = {
				LastSwiftUpdateCheck = 0940;
				LastUpgradeCheck = 0940;
				ORGANIZATIONNAME = "Ohad David";
				TargetAttributes = {
					6FBF59D5212ECE7900A16D08 = {
						CreatedOnToolsVersion = 9.4.1;
					};
					6FBF59E9212ECE7F00A16D08 = {
						CreatedOnToolsVersion = 9.4.1;
						TestTargetID = 6FBF59D5212ECE7900A16D08;
					};
					6FBF59F4212ECE7F00A16D08 = {
						CreatedOnToolsVersion = 9.4.1;
						TestTargetID = 6FBF59D5212ECE7900A16D08;
					};
				};
			};
			buildConfigurationList = 6FBF59D1212ECE7900A16D08 /* Build configuration list for PBXProject "Pr01" */;
			compatibilityVersion = "Xcode 9.3";
			developmentRegion = en;
			hasScannedForEncodings = 0;
			knownRegions = (
				en,
				Base,
			);
			mainGroup = 6FBF59CD212ECE7900A16D08;
			productRefGroup = 6FBF59D7212ECE7900A16D08 /* Products */;
			projectDirPath = "";
			projectRoot = "";
			targets = (
				6FBF59D5212ECE7900A16D08 /* Pr01 */,
				6FBF59E9212ECE7F00A16D08 /* Pr01Tests */,
				6FBF59F4212ECE7F00A16D08 /* Pr01UITests */,
			);
		};
/* End PBXProject section */

/* Begin PBXResourcesBuildPhase section */
		6FBF59D4212ECE7900A16D08 /* Resources */ = {
			isa = PBXResourcesBuildPhase;
			buildActionMask = 2147483647;
			files = (
				6FBF59E4212ECE7E00A16D08 /* LaunchScreen.storyboard in Resources */,
				6FBF59E1212ECE7E00A16D08 /* Assets.xcassets in Resources */,
				6FBF59DF212ECE7900A16D08 /* Main.storyboard in Resources */,
			);
			runOnlyForDeploymentPostprocessing = 0;
		};
		6FBF59E8212ECE7F00A16D08 /* Resources */ = {
			isa = PBXResourcesBuildPhase;
			buildActionMask = 2147483647;
			files = (
			);
			runOnlyForDeploymentPostprocessing = 0;
		};
		6FBF59F3212ECE7F00A16D08 /* Resources */ = {
			isa = PBXResourcesBuildPhase;
			buildActionMask = 2147483647;
			files = (
			);
			runOnlyForDeploymentPostprocessing = 0;
		};
/* End PBXResourcesBuildPhase section */

/* Begin PBXSourcesBuildPhase section */
		6FBF59D2212ECE7900A16D08 /* Sources */ = {
			isa = PBXSourcesBuildPhase;
			buildActionMask = 2147483647;
			files = (
				6FBF59DC212ECE7900A16D08 /* ViewController.swift in Sources */,
				6FBF59DA212ECE7900A16D08 /* AppDelegate.swift in Sources */,
			);
			runOnlyForDeploymentPostprocessing = 0;
		};
		6FBF59E6212ECE7F00A16D08 /* Sources */ = {
			isa = PBXSourcesBuildPhase;
			buildActionMask = 2147483647;
			files = (
				6FBF59EF212ECE7F00A16D08 /* Pr01Tests.swift in Sources */,
			);
			runOnlyForDeploymentPostprocessing = 0;
		};
		6FBF59F1212ECE7F00A16D08 /* Sources */ = {
			isa = PBXSourcesBuildPhase;
			buildActionMask = 2147483647;
			files = (
				6FBF59FA212ECE7F00A16D08 /* Pr01UITests.swift in Sources */,
			);
			runOnlyForDeploymentPostprocessing = 0;
		};
/* End PBXSourcesBuildPhase section */

/* Begin PBXTargetDependency section */
		6FBF59EC212ECE7F00A16D08 /* PBXTargetDependency */ = {
			isa = PBXTargetDependency;
			target = 6FBF59D5212ECE7900A16D08 /* Pr01 */;
			targetProxy = 6FBF59EB212ECE7F00A16D08 /* PBXContainerItemProxy */;
		};
		6FBF59F7212ECE7F00A16D08 /* PBXTargetDependency */ = {
			isa = PBXTargetDependency;
			target = 6FBF59D5212ECE7900A16D08 /* Pr01 */;
			targetProxy = 6FBF59F6212ECE7F00A16D08 /* PBXContainerItemProxy */;
		};
/* End PBXTargetDependency section */

/* Begin PBXVariantGroup section */
		6FBF59DD212ECE7900A16D08 /* Main.storyboard */ = {
			isa = PBXVariantGroup;
			children = (
				6FBF59DE212ECE7900A16D08 /* Base */,
			);
			name = Main.storyboard;
			sourceTree = "<group>";
		};
		6FBF59E2212ECE7E00A16D08 /* LaunchScreen.storyboard */ = {
			isa = PBXVariantGroup;
			children = (
				6FBF59E3212ECE7E00A16D08 /* Base */,
			);
			name = LaunchScreen.storyboard;
			sourceTree = "<group>";
		};
/* End PBXVariantGroup section */

/* Begin XCBuildConfiguration section */
		6FBF59FC212ECE7F00A16D08 /* Debug */ = {
			isa = XCBuildConfiguration;
			buildSettings = {
				ALWAYS_SEARCH_USER_PATHS = NO;
				CLANG_ANALYZER_NONNULL = YES;
				CLANG_ANALYZER_NUMBER_OBJECT_CONVERSION = YES_AGGRESSIVE;
				CLANG_CXX_LANGUAGE_STANDARD = "gnu++14";
				CLANG_CXX_LIBRARY = "libc++";
				CLANG_ENABLE_MODULES = YES;
				CLANG_ENABLE_OBJC_ARC = YES;
				CLANG_ENABLE_OBJC_WEAK = YES;
				CLANG_WARN_BLOCK_CAPTURE_AUTORELEASING = YES;
				CLANG_WARN_BOOL_CONVERSION = YES;
				CLANG_WARN_COMMA = YES;
				CLANG_WARN_CONSTANT_CONVERSION = YES;
				CLANG_WARN_DEPRECATED_OBJC_IMPLEMENTATIONS = YES;
				CLANG_WARN_DIRECT_OBJC_ISA_USAGE = YES_ERROR;
				CLANG_WARN_DOCUMENTATION_COMMENTS = YES;
				CLANG_WARN_EMPTY_BODY = YES;
				CLANG_WARN_ENUM_CONVERSION = YES;
				CLANG_WARN_INFINITE_RECURSION = YES;
				CLANG_WARN_INT_CONVERSION = YES;
				CLANG_WARN_NON_LITERAL_NULL_CONVERSION = YES;
				CLANG_WARN_OBJC_IMPLICIT_RETAIN_SELF = YES;
				CLANG_WARN_OBJC_LITERAL_CONVERSION = YES;
				CLANG_WARN_OBJC_ROOT_CLASS = YES_ERROR;
				CLANG_WARN_RANGE_LOOP_ANALYSIS = YES;
				CLANG_WARN_STRICT_PROTOTYPES = YES;
				CLANG_WARN_SUSPICIOUS_MOVE = YES;
				CLANG_WARN_UNGUARDED_AVAILABILITY = YES_AGGRESSIVE;
				CLANG_WARN_UNREACHABLE_CODE = YES;
				CLANG_WARN__DUPLICATE_METHOD_MATCH = YES;
				CODE_SIGN_IDENTITY = "iPhone Developer";
				COPY_PHASE_STRIP = NO;
				DEBUG_INFORMATION_FORMAT = dwarf;
				ENABLE_STRICT_OBJC_MSGSEND = YES;
				ENABLE_TESTABILITY = YES;
				GCC_C_LANGUAGE_STANDARD = gnu11;
				GCC_DYNAMIC_NO_PIC = NO;
				GCC_NO_COMMON_BLOCKS = YES;
				GCC_OPTIMIZATION_LEVEL = 0;
				GCC_PREPROCESSOR_DEFINITIONS = (
					"DEBUG=1",
					"$(inherited)",
				);
				GCC_WARN_64_TO_32_BIT_CONVERSION = YES;
				GCC_WARN_ABOUT_RETURN_TYPE = YES_ERROR;
				GCC_WARN_UNDECLARED_SELECTOR = YES;
				GCC_WARN_UNINITIALIZED_AUTOS = YES_AGGRESSIVE;
				GCC_WARN_UNUSED_FUNCTION = YES;
				GCC_WARN_UNUSED_VARIABLE = YES;
				IPHONEOS_DEPLOYMENT_TARGET = 11.4;
				MTL_ENABLE_DEBUG_INFO = YES;
				ONLY_ACTIVE_ARCH = YES;
				SDKROOT = iphoneos;
				SWIFT_ACTIVE_COMPILATION_CONDITIONS = DEBUG;
				SWIFT_OPTIMIZATION_LEVEL = "-Onone";
			};
			name = Debug;
		};
		6FBF59FD212ECE7F00A16D08 /* Release */ = {
			isa = XCBuildConfiguration;
			buildSettings = {
				ALWAYS_SEARCH_USER_PATHS = NO;
				CLANG_ANALYZER_NONNULL = YES;
				CLANG_ANALYZER_NUMBER_OBJECT_CONVERSION = YES_AGGRESSIVE;
				CLANG_CXX_LANGUAGE_STANDARD = "gnu++14";
				CLANG_CXX_LIBRARY = "libc++";
				CLANG_ENABLE_MODULES = YES;
				CLANG_ENABLE_OBJC_ARC = YES;
				CLANG_ENABLE_OBJC_WEAK = YES;
				CLANG_WARN_BLOCK_CAPTURE_AUTORELEASING = YES;
				CLANG_WARN_BOOL_CONVERSION = YES;
				CLANG_WARN_COMMA = YES;
				CLANG_WARN_CONSTANT_CONVERSION = YES;
				CLANG_WARN_DEPRECATED_OBJC_IMPLEMENTATIONS = YES;
				CLANG_WARN_DIRECT_OBJC_ISA_USAGE = YES_ERROR;
				CLANG_WARN_DOCUMENTATION_COMMENTS = YES;
				CLANG_WARN_EMPTY_BODY = YES;
				CLANG_WARN_ENUM_CONVERSION = YES;
				CLANG_WARN_INFINITE_RECURSION = YES;
				CLANG_WARN_INT_CONVERSION = YES;
				CLANG_WARN_NON_LITERAL_NULL_CONVERSION = YES;
				CLANG_WARN_OBJC_IMPLICIT_RETAIN_SELF = YES;
				CLANG_WARN_OBJC_LITERAL_CONVERSION = YES;
				CLANG_WARN_OBJC_ROOT_CLASS = YES_ERROR;
				CLANG_WARN_RANGE_LOOP_ANALYSIS = YES;
				CLANG_WARN_STRICT_PROTOTYPES = YES;
				CLANG_WARN_SUSPICIOUS_MOVE = YES;
				CLANG_WARN_UNGUARDED_AVAILABILITY = YES_AGGRESSIVE;
				CLANG_WARN_UNREACHABLE_CODE = YES;
				CLANG_WARN__DUPLICATE_METHOD_MATCH = YES;
				CODE_SIGN_IDENTITY = "iPhone Developer";
				COPY_PHASE_STRIP = NO;
				DEBUG_INFORMATION_FORMAT = "dwarf-with-dsym";
				ENABLE_NS_ASSERTIONS = NO;
				ENABLE_STRICT_OBJC_MSGSEND = YES;
				GCC_C_LANGUAGE_STANDARD = gnu11;
				GCC_NO_COMMON_BLOCKS = YES;
				GCC_WARN_64_TO_32_BIT_CONVERSION = YES;
				GCC_WARN_ABOUT_RETURN_TYPE = YES_ERROR;
				GCC_WARN_UNDECLARED_SELECTOR = YES;
				GCC_WARN_UNINITIALIZED_AUTOS = YES_AGGRESSIVE;
				GCC_WARN_UNUSED_FUNCTION = YES;
				GCC_WARN_UNUSED_VARIABLE = YES;
				IPHONEOS_DEPLOYMENT_TARGET = 11.4;
				MTL_ENABLE_DEBUG_INFO = NO;
				SDKROOT = iphoneos;
				SWIFT_COMPILATION_MODE = wholemodule;
				SWIFT_OPTIMIZATION_LEVEL = "-O";
				VALIDATE_PRODUCT = YES;
			};
			name = Release;
		};
		6FBF59FF212ECE7F00A16D08 /* Debug */ = {
			isa = XCBuildConfiguration;
			buildSettings = {
				ASSETCATALOG_COMPILER_APPICON_NAME = AppIcon;
				CODE_SIGN_STYLE = Automatic;
				DEVELOPMENT_TEAM = FF5WALH2PD;
				INFOPLIST_FILE = Pr01/Info.plist;
				LD_RUNPATH_SEARCH_PATHS = (
					"$(inherited)",
					"@executable_path/Frameworks",
				);
				PRODUCT_BUNDLE_IDENTIFIER = com.ohad.Pr01;
				PRODUCT_NAME = "$(TARGET_NAME)";
				SWIFT_VERSION = 4.0;
				TARGETED_DEVICE_FAMILY = "1,2";
			};
			name = Debug;
		};
		6FBF5A00212ECE7F00A16D08 /* Release */ = {
			isa = XCBuildConfiguration;
			buildSettings = {
				ASSETCATALOG_COMPILER_APPICON_NAME = AppIcon;
				CODE_SIGN_STYLE = Automatic;
				DEVELOPMENT_TEAM = FF5WALH2PD;
				INFOPLIST_FILE = Pr01/Info.plist;
				LD_RUNPATH_SEARCH_PATHS = (
					"$(inherited)",
					"@executable_path/Frameworks",
				);
				PRODUCT_BUNDLE_IDENTIFIER = com.ohad.Pr01;
				PRODUCT_NAME = "$(TARGET_NAME)";
				SWIFT_VERSION = 4.0;
				TARGETED_DEVICE_FAMILY = "1,2";
			};
			name = Release;
		};
		6FBF5A02212ECE7F00A16D08 /* Debug */ = {
			isa = XCBuildConfiguration;
			buildSettings = {
				ALWAYS_EMBED_SWIFT_STANDARD_LIBRARIES = YES;
				BUNDLE_LOADER = "$(TEST_HOST)";
				CODE_SIGN_STYLE = Automatic;
				DEVELOPMENT_TEAM = FF5WALH2PD;
				INFOPLIST_FILE = Pr01Tests/Info.plist;
				LD_RUNPATH_SEARCH_PATHS = (
					"$(inherited)",
					"@executable_path/Frameworks",
					"@loader_path/Frameworks",
				);
				PRODUCT_BUNDLE_IDENTIFIER = com.ohad.Pr01Tests;
				PRODUCT_NAME = "$(TARGET_NAME)";
				SWIFT_VERSION = 4.0;
				TARGETED_DEVICE_FAMILY = "1,2";
				TEST_HOST = "$(BUILT_PRODUCTS_DIR)/Pr01.app/Pr01";
			};
			name = Debug;
		};
		6FBF5A03212ECE7F00A16D08 /* Release */ = {
			isa = XCBuildConfiguration;
			buildSettings = {
				ALWAYS_EMBED_SWIFT_STANDARD_LIBRARIES = YES;
				BUNDLE_LOADER = "$(TEST_HOST)";
				CODE_SIGN_STYLE = Automatic;
				DEVELOPMENT_TEAM = FF5WALH2PD;
				INFOPLIST_FILE = Pr01Tests/Info.plist;
				LD_RUNPATH_SEARCH_PATHS = (
					"$(inherited)",
					"@executable_path/Frameworks",
					"@loader_path/Frameworks",
				);
				PRODUCT_BUNDLE_IDENTIFIER = com.ohad.Pr01Tests;
				PRODUCT_NAME = "$(TARGET_NAME)";
				SWIFT_VERSION = 4.0;
				TARGETED_DEVICE_FAMILY = "1,2";
				TEST_HOST = "$(BUILT_PRODUCTS_DIR)/Pr01.app/Pr01";
			};
			name = Release;
		};
		6FBF5A05212ECE7F00A16D08 /* Debug */ = {
			isa = XCBuildConfiguration;
			buildSettings = {
				ALWAYS_EMBED_SWIFT_STANDARD_LIBRARIES = YES;
				CODE_SIGN_STYLE = Automatic;
				DEVELOPMENT_TEAM = FF5WALH2PD;
				INFOPLIST_FILE = Pr01UITests/Info.plist;
				LD_RUNPATH_SEARCH_PATHS = (
					"$(inherited)",
					"@executable_path/Frameworks",
					"@loader_path/Frameworks",
				);
				PRODUCT_BUNDLE_IDENTIFIER = com.ohad.Pr01UITests;
				PRODUCT_NAME = "$(TARGET_NAME)";
				SWIFT_VERSION = 4.0;
				TARGETED_DEVICE_FAMILY = "1,2";
				TEST_TARGET_NAME = Pr01;
			};
			name = Debug;
		};
		6FBF5A06212ECE7F00A16D08 /* Release */ = {
			isa = XCBuildConfiguration;
			buildSettings = {
				ALWAYS_EMBED_SWIFT_STANDARD_LIBRARIES = YES;
				CODE_SIGN_STYLE = Automatic;
				DEVELOPMENT_TEAM = FF5WALH2PD;
				INFOPLIST_FILE = Pr01UITests/Info.plist;
				LD_RUNPATH_SEARCH_PATHS = (
					"$(inherited)",
					"@executable_path/Frameworks",
					"@loader_path/Frameworks",
				);
				PRODUCT_BUNDLE_IDENTIFIER = com.ohad.Pr01UITests;
				PRODUCT_NAME = "$(TARGET_NAME)";
				SWIFT_VERSION = 4.0;
				TARGETED_DEVICE_FAMILY = "1,2";
				TEST_TARGET_NAME = Pr01;
			};
			name = Release;
		};
/* End XCBuildConfiguration section */

/* Begin XCConfigurationList section */
		6FBF59D1212ECE7900A16D08 /* Build configuration list for PBXProject "Pr01" */ = {
			isa = XCConfigurationList;
			buildConfigurations = (
				6FBF59FC212ECE7F00A16D08 /* Debug */,
				6FBF59FD212ECE7F00A16D08 /* Release */,
			);
			defaultConfigurationIsVisible = 0;
			defaultConfigurationName = Release;
		};
		6FBF59FE212ECE7F00A16D08 /* Build configuration list for PBXNativeTarget "Pr01" */ = {
			isa = XCConfigurationList;
			buildConfigurations = (
				6FBF59FF212ECE7F00A16D08 /* Debug */,
				6FBF5A00212ECE7F00A16D08 /* Release */,
			);
			defaultConfigurationIsVisible = 0;
			defaultConfigurationName = Release;
		};
		6FBF5A01212ECE7F00A16D08 /* Build configuration list for PBXNativeTarget "Pr01Tests" */ = {
			isa = XCConfigurationList;
			buildConfigurations = (
				6FBF5A02212ECE7F00A16D08 /* Debug */,
				6FBF5A03212ECE7F00A16D08 /* Release */,
			);
			defaultConfigurationIsVisible = 0;
			defaultConfigurationName = Release;
		};
		6FBF5A04212ECE7F00A16D08 /* Build configuration list for PBXNativeTarget "Pr01UITests" */ = {
			isa = XCConfigurationList;
			buildConfigurations = (
				6FBF5A05212ECE7F00A16D08 /* Debug */,
				6FBF5A06212ECE7F00A16D08 /* Release */,
			);
			defaultConfigurationIsVisible = 0;
			defaultConfigurationName = Release;
		};
/* End XCConfigurationList section */
	};
	rootObject = 6FBF59CE212ECE7900A16D08 /* Project object */;
}
